
Microsoft Visual Studio Solution File, Format Version 12.00
# Visual Studio Version 17
VisualStudioVersion = 17.8.34330.188
MinimumVisualStudioVersion = 10.0.40219.1
Project("{9A19103F-16F7-4668-BE54-9A1E7A4F7556}") = "MinenifyMe", "MinenifyMe.csproj", "{E7A0F21A-C7E4-465A-BC3E-18E229BD5949}"
EndProject
Global
	GlobalSection(SolutionConfigurationPlatforms) = preSolution
		Debug|Any CPU = Debug|Any CPU
		Release|Any CPU = Release|Any CPU
	EndGlobalSection
	GlobalSection(ProjectConfigurationPlatforms) = postSolution
		{E7A0F21A-C7E4-465A-BC3E-18E229BD5949}.Debug|Any CPU.ActiveCfg = Debug|Any CPU
		{E7A0F21A-C7E4-465A-BC3E-18E229BD5949}.Debug|Any CPU.Build.0 = Debug|Any CPU
		{E7A0F21A-C7E4-465A-BC3E-18E229BD5949}.Release|Any CPU.ActiveCfg = Release|Any CPU
		{E7A0F21A-C7E4-465A-BC3E-18E229BD5949}.Release|Any CPU.Build.0 = Release|Any CPU
	EndGlobalSection
	GlobalSection(SolutionProperties) = preSolution
		HideSolutionNode = FALSE
	EndGlobalSection
	GlobalSection(ExtensibilityGlobals) = postSolution
		SolutionGuid = {DDAD0073-2E14-41D5-8841-81660B9FDA56}
	EndGlobalSection
EndGlobal
